
Microsoft Visual Studio Solution File, Format Version 12.00
# Visual Studio Version 17
VisualStudioVersion = 17.4.33122.133
MinimumVisualStudioVersion = 10.0.40219.1
Project("{FAE04EC0-301F-11D3-BF4B-00C04F79EFBC}") = "MeasurementSystemWebAPI", "MeasurementSystemWebAPI\MeasurementSystemWebAPI.csproj", "{665388C3-B1B9-4AD5-9D5F-DB04AE052B12}"
EndProject
Global
	GlobalSection(SolutionConfigurationPlatforms) = preSolution
		Debug|Any CPU = Debug|Any CPU
		Release|Any CPU = Release|Any CPU
	EndGlobalSection
	GlobalSection(ProjectConfigurationPlatforms) = postSolution
		{665388C3-B1B9-4AD5-9D5F-DB04AE052B12}.Debug|Any CPU.ActiveCfg = Debug|Any CPU
		{665388C3-B1B9-4AD5-9D5F-DB04AE052B12}.Debug|Any CPU.Build.0 = Debug|Any CPU
		{665388C3-B1B9-4AD5-9D5F-DB04AE052B12}.Release|Any CPU.ActiveCfg = Release|Any CPU
		{665388C3-B1B9-4AD5-9D5F-DB04AE052B12}.Release|Any CPU.Build.0 = Release|Any CPU
	EndGlobalSection
	GlobalSection(SolutionProperties) = preSolution
		HideSolutionNode = FALSE
	EndGlobalSection
	GlobalSection(ExtensibilityGlobals) = postSolution
		SolutionGuid = {5909F681-D7C2-4E39-AD70-CFCB3DEACDB0}
	EndGlobalSection
EndGlobal
